
Microsoft Visual Studio Solution File, Format Version 12.00
# Visual Studio 15
VisualStudioVersion = 15.0.27703.2042
MinimumVisualStudioVersion = 10.0.40219.1
Project("{FAE04EC0-301F-11D3-BF4B-00C04F79EFBC}") = "Rgik", "Rgik\Rgik.csproj", "{1049040B-DE50-4FCE-A181-C775B4037203}"
EndProject
Project("{FAE04EC0-301F-11D3-BF4B-00C04F79EFBC}") = "Rgik.Tests", "Rgik.Tests\Rgik.Tests.csproj", "{5E7F98F9-7A79-4AFC-9EC1-C53527BD3A2D}"
EndProject
Global
	GlobalSection(SolutionConfigurationPlatforms) = preSolution
		Debug|Any CPU = Debug|Any CPU
		Release|Any CPU = Release|Any CPU
	EndGlobalSection
	GlobalSection(ProjectConfigurationPlatforms) = postSolution
		{1049040B-DE50-4FCE-A181-C775B4037203}.Debug|Any CPU.ActiveCfg = Debug|Any CPU
		{1049040B-DE50-4FCE-A181-C775B4037203}.Debug|Any CPU.Build.0 = Debug|Any CPU
		{1049040B-DE50-4FCE-A181-C775B4037203}.Release|Any CPU.ActiveCfg = Release|Any CPU
		{1049040B-DE50-4FCE-A181-C775B4037203}.Release|Any CPU.Build.0 = Release|Any CPU
		{5E7F98F9-7A79-4AFC-9EC1-C53527BD3A2D}.Debug|Any CPU.ActiveCfg = Debug|Any CPU
		{5E7F98F9-7A79-4AFC-9EC1-C53527BD3A2D}.Debug|Any CPU.Build.0 = Debug|Any CPU
		{5E7F98F9-7A79-4AFC-9EC1-C53527BD3A2D}.Release|Any CPU.ActiveCfg = Release|Any CPU
		{5E7F98F9-7A79-4AFC-9EC1-C53527BD3A2D}.Release|Any CPU.Build.0 = Release|Any CPU
	EndGlobalSection
	GlobalSection(SolutionProperties) = preSolution
		HideSolutionNode = FALSE
	EndGlobalSection
	GlobalSection(ExtensibilityGlobals) = postSolution
		SolutionGuid = {C8C0C0CA-AFA8-424F-AE68-E56D48585D50}
	EndGlobalSection
EndGlobal
